<?xml version="1.0" encoding="utf-8"?>
<Project ToolsVersion="4.0" xmlns="http://schemas.microsoft.com/developer/msbuild/2003">
  <ItemGroup>
    <Filter Include="Source Files">
      <UniqueIdentifier>{4FC737F1-C7A5-4376-A066-2A32D752A2FF}</UniqueIdentifier>
      <Extensions>cpp;c;cc;cxx;c++;cppm;ixx;def;odl;idl;hpj;bat;asm;asmx</Extensions>
    </Filter>
    <Filter Include="Header Files">
      <UniqueIdentifier>{93995380-89BD-4b04-88EB-625FBE52EBFB}</UniqueIdentifier>
      <Extensions>h;hh;hpp;hxx;h++;hm;inl;inc;ipp;xsd</Extensions>
    </Filter>
    <Filter Include="Resource Files">
      <UniqueIdentifier>{67DA6AB6-F800-4c08-8B7A-83BB121AAD01}</UniqueIdentifier>
      <Extensions>rc;ico;cur;bmp;dlg;rc2;rct;bin;rgs;gif;jpg;jpeg;jpe;resx;tiff;tif;png;wav;mfcribbon-ms</Extensions>
    </Filter>
    <Filter Include="Header Files\client">
      <UniqueIdentifier>{97a56502-a90f-4a80-b082-8c1d23ea3a06}</UniqueIdentifier>
    </Filter>
    <Filter Include="Source Files\client">
      <UniqueIdentifier>{ec6124e1-b973-4f31-9d71-b17a7b37da7b}</UniqueIdentifier>
    </Filter>
    <Filter Include="Header Files\tracer">
      <UniqueIdentifier>{8307c26d-bd4f-4ec3-8d14-17bd7b2290e1}</UniqueIdentifier>
    </Filter>
    <Filter Include="Source Files\tracer">
      <UniqueIdentifier>{3cb67f99-ff79-46fd-a091-f675aceddb3e}</UniqueIdentifier>
    </Filter>
    <Filter Include="Header Files\dto">
      <UniqueIdentifier>{22102504-735a-4b4a-a7a3-b63941d89066}</UniqueIdentifier>
    </Filter>
  </ItemGroup>
  <ItemGroup>
    <ClCompile Include="App.cpp">
      <Filter>Source Files</Filter>
    </ClCompile>
    <ClCompile Include="src\client\BtcApiClient.cpp">
      <Filter>Source Files\client</Filter>
    </ClCompile>
    <ClCompile Include="src\AppComponent.cpp">
      <Filter>Source Files</Filter>
    </ClCompile>
    <ClCompile Include="src\tracer\BtcTransactionTracer.cpp">
      <Filter>Source Files\tracer</Filter>
    </ClCompile>
  </ItemGroup>
  <ItemGroup>
    <ClInclude Include="src\client\BtcApiClient.h">
      <Filter>Header Files\client</Filter>
    </ClInclude>
    <ClInclude Include="src\AppComponent.h">
      <Filter>Header Files</Filter>
    </ClInclude>
    <ClInclude Include="src\tracer\BtcTransactionTracer.h">
      <Filter>Header Files\tracer</Filter>
    </ClInclude>
  </ItemGroup>
</Project>