<?xml version="1.0" encoding="utf-8"?>
<Project ToolsVersion="4.0" xmlns="http://schemas.microsoft.com/developer/msbuild/2003">
  <ItemGroup>
    <Filter Include="Source Files">
      <UniqueIdentifier>{4FC737F1-C7A5-4376-A066-2A32D752A2FF}</UniqueIdentifier>
      <Extensions>cpp;c;cc;cxx;c++;cppm;ixx;def;odl;idl;hpj;bat;asm;asmx</Extensions>
    </Filter>
    <Filter Include="Header Files">
      <UniqueIdentifier>{93995380-89BD-4b04-88EB-625FBE52EBFB}</UniqueIdentifier>
      <Extensions>h;hh;hpp;hxx;h++;hm;inl;inc;ipp;xsd</Extensions>
    </Filter>
    <Filter Include="Resource Files">
      <UniqueIdentifier>{67DA6AB6-F800-4c08-8B7A-83BB121AAD01}</UniqueIdentifier>
      <Extensions>rc;ico;cur;bmp;dlg;rc2;rct;bin;rgs;gif;jpg;jpeg;jpe;resx;tiff;tif;png;wav;mfcribbon-ms</Extensions>
    </Filter>
    <Filter Include="Header Files\tracer">
      <UniqueIdentifier>{2919b7f0-5e90-46b4-aec0-861ef1c5f8b4}</UniqueIdentifier>
    </Filter>
    <Filter Include="Source Files\tracer">
      <UniqueIdentifier>{8de1120c-0479-47a4-94c7-d26a480978e3}</UniqueIdentifier>
    </Filter>
    <Filter Include="Header Files\client">
      <UniqueIdentifier>{63114c92-7a83-4456-a4b2-129589b3a3fa}</UniqueIdentifier>
    </Filter>
    <Filter Include="Source Files\client">
      <UniqueIdentifier>{178a6e78-54d8-4a14-b124-a0262dd8c65c}</UniqueIdentifier>
    </Filter>
    <Filter Include="Header Files\queue_set">
      <UniqueIdentifier>{60f50a2d-2ed8-48fa-a841-131cf89f8b1f}</UniqueIdentifier>
    </Filter>
  </ItemGroup>
  <ItemGroup>
    <ClCompile Include="App.cpp">
      <Filter>Source Files</Filter>
    </ClCompile>
    <ClCompile Include="src\tracer\BtcTransactionTracer.cpp">
      <Filter>Source Files\tracer</Filter>
    </ClCompile>
    <ClCompile Include="src\client\BtcApiClient.cpp">
      <Filter>Source Files\client</Filter>
    </ClCompile>
  </ItemGroup>
  <ItemGroup>
    <ClInclude Include="src\tracer\BtcTransactionTracer.h">
      <Filter>Header Files\tracer</Filter>
    </ClInclude>
    <ClInclude Include="src\client\BtcApiClient.h">
      <Filter>Header Files\client</Filter>
    </ClInclude>
    <ClInclude Include="src\set_queue\QueueSet.h">
      <Filter>Header Files\queue_set</Filter>
    </ClInclude>
  </ItemGroup>
</Project>